
Microsoft Visual Studio Solution File, Format Version 12.00
# Visual Studio Version 17
VisualStudioVersion = 17.7.34031.279
MinimumVisualStudioVersion = 10.0.40219.1
Project("{FAE04EC0-301F-11D3-BF4B-00C04F79EFBC}") = "LAB5", "LAB5.csproj", "{FDDAEB93-5033-4EF2-9159-4F245D69922C}"
EndProject
Project("{FAE04EC0-301F-11D3-BF4B-00C04F79EFBC}") = "Wyjatki", "Wyjatki\Wyjatki.csproj", "{2D310AD2-64FA-4A28-AFE7-5224C59005EF}"
EndProject
Project("{FAE04EC0-301F-11D3-BF4B-00C04F79EFBC}") = "Kolekcje", "Kolekcje\Kolekcje.csproj", "{C32EFE2F-F936-4922-B331-47930E1ED551}"
EndProject
Global
	GlobalSection(SolutionConfigurationPlatforms) = preSolution
		Debug|Any CPU = Debug|Any CPU
		Release|Any CPU = Release|Any CPU
	EndGlobalSection
	GlobalSection(ProjectConfigurationPlatforms) = postSolution
		{FDDAEB93-5033-4EF2-9159-4F245D69922C}.Debug|Any CPU.ActiveCfg = Debug|Any CPU
		{FDDAEB93-5033-4EF2-9159-4F245D69922C}.Debug|Any CPU.Build.0 = Debug|Any CPU
		{FDDAEB93-5033-4EF2-9159-4F245D69922C}.Release|Any CPU.ActiveCfg = Release|Any CPU
		{FDDAEB93-5033-4EF2-9159-4F245D69922C}.Release|Any CPU.Build.0 = Release|Any CPU
		{2D310AD2-64FA-4A28-AFE7-5224C59005EF}.Debug|Any CPU.ActiveCfg = Debug|Any CPU
		{2D310AD2-64FA-4A28-AFE7-5224C59005EF}.Debug|Any CPU.Build.0 = Debug|Any CPU
		{2D310AD2-64FA-4A28-AFE7-5224C59005EF}.Release|Any CPU.ActiveCfg = Release|Any CPU
		{2D310AD2-64FA-4A28-AFE7-5224C59005EF}.Release|Any CPU.Build.0 = Release|Any CPU
		{C32EFE2F-F936-4922-B331-47930E1ED551}.Debug|Any CPU.ActiveCfg = Debug|Any CPU
		{C32EFE2F-F936-4922-B331-47930E1ED551}.Debug|Any CPU.Build.0 = Debug|Any CPU
		{C32EFE2F-F936-4922-B331-47930E1ED551}.Release|Any CPU.ActiveCfg = Release|Any CPU
		{C32EFE2F-F936-4922-B331-47930E1ED551}.Release|Any CPU.Build.0 = Release|Any CPU
	EndGlobalSection
	GlobalSection(SolutionProperties) = preSolution
		HideSolutionNode = FALSE
	EndGlobalSection
	GlobalSection(ExtensibilityGlobals) = postSolution
		SolutionGuid = {E2DFB15B-D493-4115-B83D-D1263F12933E}
	EndGlobalSection
EndGlobal
