
Microsoft Visual Studio Solution File, Format Version 12.00
# Visual Studio Version 17
VisualStudioVersion = 17.7.34031.279
MinimumVisualStudioVersion = 10.0.40219.1
Project("{FAE04EC0-301F-11D3-BF4B-00C04F79EFBC}") = "LAB2", "LAB2.csproj", "{6F2FE7B2-E0D3-4845-BC80-5616C9847980}"
EndProject
Global
	GlobalSection(SolutionConfigurationPlatforms) = preSolution
		Debug|Any CPU = Debug|Any CPU
		Release|Any CPU = Release|Any CPU
	EndGlobalSection
	GlobalSection(ProjectConfigurationPlatforms) = postSolution
		{6F2FE7B2-E0D3-4845-BC80-5616C9847980}.Debug|Any CPU.ActiveCfg = Debug|Any CPU
		{6F2FE7B2-E0D3-4845-BC80-5616C9847980}.Debug|Any CPU.Build.0 = Debug|Any CPU
		{6F2FE7B2-E0D3-4845-BC80-5616C9847980}.Release|Any CPU.ActiveCfg = Release|Any CPU
		{6F2FE7B2-E0D3-4845-BC80-5616C9847980}.Release|Any CPU.Build.0 = Release|Any CPU
	EndGlobalSection
	GlobalSection(SolutionProperties) = preSolution
		HideSolutionNode = FALSE
	EndGlobalSection
	GlobalSection(ExtensibilityGlobals) = postSolution
		SolutionGuid = {1A0AC77E-F3E7-4F77-85BE-9D411D2601C7}
	EndGlobalSection
EndGlobal
